
Microsoft Visual Studio Solution File, Format Version 12.00
# Visual Studio Version 16
VisualStudioVersion = 16.0.30711.63
MinimumVisualStudioVersion = 10.0.40219.1
Project("{6EC3EE1D-3C4E-46DD-8F32-0CC8E7565705}") = "MvcMovieFs", "MvcMovieFs.fsproj", "{635BB234-C4FC-4F6E-A266-8B3F416A71B2}"
EndProject
Global
	GlobalSection(SolutionConfigurationPlatforms) = preSolution
		Debug|Any CPU = Debug|Any CPU
		Release|Any CPU = Release|Any CPU
	EndGlobalSection
	GlobalSection(ProjectConfigurationPlatforms) = postSolution
		{635BB234-C4FC-4F6E-A266-8B3F416A71B2}.Debug|Any CPU.ActiveCfg = Debug|Any CPU
		{635BB234-C4FC-4F6E-A266-8B3F416A71B2}.Debug|Any CPU.Build.0 = Debug|Any CPU
		{635BB234-C4FC-4F6E-A266-8B3F416A71B2}.Release|Any CPU.ActiveCfg = Release|Any CPU
		{635BB234-C4FC-4F6E-A266-8B3F416A71B2}.Release|Any CPU.Build.0 = Release|Any CPU
	EndGlobalSection
	GlobalSection(SolutionProperties) = preSolution
		HideSolutionNode = FALSE
	EndGlobalSection
	GlobalSection(ExtensibilityGlobals) = postSolution
		SolutionGuid = {CD16D3F6-B425-4A0C-9C72-5194DAA35183}
	EndGlobalSection
EndGlobal
